
Microsoft Visual Studio Solution File, Format Version 12.00
Project("{FAE04EC0-301F-11D3-BF4B-00C04F79EFBC}") = "UGL.Core", "UGL\UGL.Core\UGL.Core\UGL.Core.csproj", "{9ACA69E2-A4CE-423B-8F75-548B3B2C3A5A}"
EndProject
Project("{2150E333-8FDC-42A3-9474-1A3956D46DE8}") = "UGL.Core", "UGL.Core", "{C058D365-E55D-4272-8DD2-C10A7430D896}"
EndProject
Project("{2150E333-8FDC-42A3-9474-1A3956D46DE8}") = "Examples", "Examples", "{FD2A1E61-D6DF-4DC5-B88C-3A812B4CDA12}"
EndProject
Project("{FAE04EC0-301F-11D3-BF4B-00C04F79EFBC}") = "ExampleGame", "Examples\ExampleGame\ExampleGame.csproj", "{B6C039A1-1894-4DF4-8B72-F64B15E5DE78}"
EndProject
Project("{FAE04EC0-301F-11D3-BF4B-00C04F79EFBC}") = "UGL.Core.Data", "UGL\UGL.Core\UGL.Core.Data\UGL.Core.Data.csproj", "{E1176D3D-AB42-49D3-B1C2-3715FF394DBA}"
EndProject
Project("{FAE04EC0-301F-11D3-BF4B-00C04F79EFBC}") = "UGL.Core.Interface", "UGL\UGL.Core\UGL.Core.Interface\UGL.Core.Interface.csproj", "{323ED970-36A1-4792-963E-72ECE368DC88}"
EndProject
Project("{2150E333-8FDC-42A3-9474-1A3956D46DE8}") = "UGL.Util", "UGL.Util", "{A7E1F830-1999-4E50-A95A-9188A1C09155}"
EndProject
Project("{FAE04EC0-301F-11D3-BF4B-00C04F79EFBC}") = "UGL.Util", "UGL\UGL.Util\UGL.Util.csproj", "{4FF62099-48BE-40D8-B467-DADABB069B20}"
EndProject
Project("{2150E333-8FDC-42A3-9474-1A3956D46DE8}") = "UGL.Rendering", "UGL.Rendering", "{73BE56B6-3E0A-43CB-BA20-60DED7919AD6}"
EndProject
Project("{FAE04EC0-301F-11D3-BF4B-00C04F79EFBC}") = "UGL.Rendering", "UGL\UGL.Rendering\UGL.Rendering\UGL.Rendering.csproj", "{E2B08A18-6D1B-45A3-A37C-9F404F2931BA}"
EndProject
Project("{FAE04EC0-301F-11D3-BF4B-00C04F79EFBC}") = "UGL.Rendering.Interface", "UGL\UGL.Rendering\UGL.Rendering.Interface\UGL.Rendering.Interface.csproj", "{C6604026-9B79-43F7-A028-0D57757E0AC9}"
EndProject
Global
	GlobalSection(SolutionConfigurationPlatforms) = preSolution
		Debug|Any CPU = Debug|Any CPU
		Release|Any CPU = Release|Any CPU
	EndGlobalSection
	GlobalSection(NestedProjects) = preSolution
		{9ACA69E2-A4CE-423B-8F75-548B3B2C3A5A} = {C058D365-E55D-4272-8DD2-C10A7430D896}
		{B6C039A1-1894-4DF4-8B72-F64B15E5DE78} = {FD2A1E61-D6DF-4DC5-B88C-3A812B4CDA12}
		{E1176D3D-AB42-49D3-B1C2-3715FF394DBA} = {C058D365-E55D-4272-8DD2-C10A7430D896}
		{323ED970-36A1-4792-963E-72ECE368DC88} = {C058D365-E55D-4272-8DD2-C10A7430D896}
		{4FF62099-48BE-40D8-B467-DADABB069B20} = {A7E1F830-1999-4E50-A95A-9188A1C09155}
		{E2B08A18-6D1B-45A3-A37C-9F404F2931BA} = {73BE56B6-3E0A-43CB-BA20-60DED7919AD6}
		{C6604026-9B79-43F7-A028-0D57757E0AC9} = {73BE56B6-3E0A-43CB-BA20-60DED7919AD6}
	EndGlobalSection
	GlobalSection(ProjectConfigurationPlatforms) = postSolution
		{9ACA69E2-A4CE-423B-8F75-548B3B2C3A5A}.Debug|Any CPU.ActiveCfg = Debug|Any CPU
		{9ACA69E2-A4CE-423B-8F75-548B3B2C3A5A}.Debug|Any CPU.Build.0 = Debug|Any CPU
		{9ACA69E2-A4CE-423B-8F75-548B3B2C3A5A}.Release|Any CPU.ActiveCfg = Release|Any CPU
		{9ACA69E2-A4CE-423B-8F75-548B3B2C3A5A}.Release|Any CPU.Build.0 = Release|Any CPU
		{B6C039A1-1894-4DF4-8B72-F64B15E5DE78}.Debug|Any CPU.ActiveCfg = Debug|Any CPU
		{B6C039A1-1894-4DF4-8B72-F64B15E5DE78}.Debug|Any CPU.Build.0 = Debug|Any CPU
		{B6C039A1-1894-4DF4-8B72-F64B15E5DE78}.Release|Any CPU.ActiveCfg = Release|Any CPU
		{B6C039A1-1894-4DF4-8B72-F64B15E5DE78}.Release|Any CPU.Build.0 = Release|Any CPU
		{E1176D3D-AB42-49D3-B1C2-3715FF394DBA}.Debug|Any CPU.ActiveCfg = Debug|Any CPU
		{E1176D3D-AB42-49D3-B1C2-3715FF394DBA}.Debug|Any CPU.Build.0 = Debug|Any CPU
		{E1176D3D-AB42-49D3-B1C2-3715FF394DBA}.Release|Any CPU.ActiveCfg = Release|Any CPU
		{E1176D3D-AB42-49D3-B1C2-3715FF394DBA}.Release|Any CPU.Build.0 = Release|Any CPU
		{323ED970-36A1-4792-963E-72ECE368DC88}.Debug|Any CPU.ActiveCfg = Debug|Any CPU
		{323ED970-36A1-4792-963E-72ECE368DC88}.Debug|Any CPU.Build.0 = Debug|Any CPU
		{323ED970-36A1-4792-963E-72ECE368DC88}.Release|Any CPU.ActiveCfg = Release|Any CPU
		{323ED970-36A1-4792-963E-72ECE368DC88}.Release|Any CPU.Build.0 = Release|Any CPU
		{4FF62099-48BE-40D8-B467-DADABB069B20}.Debug|Any CPU.ActiveCfg = Debug|Any CPU
		{4FF62099-48BE-40D8-B467-DADABB069B20}.Debug|Any CPU.Build.0 = Debug|Any CPU
		{4FF62099-48BE-40D8-B467-DADABB069B20}.Release|Any CPU.ActiveCfg = Release|Any CPU
		{4FF62099-48BE-40D8-B467-DADABB069B20}.Release|Any CPU.Build.0 = Release|Any CPU
		{E2B08A18-6D1B-45A3-A37C-9F404F2931BA}.Debug|Any CPU.ActiveCfg = Debug|Any CPU
		{E2B08A18-6D1B-45A3-A37C-9F404F2931BA}.Debug|Any CPU.Build.0 = Debug|Any CPU
		{E2B08A18-6D1B-45A3-A37C-9F404F2931BA}.Release|Any CPU.ActiveCfg = Release|Any CPU
		{E2B08A18-6D1B-45A3-A37C-9F404F2931BA}.Release|Any CPU.Build.0 = Release|Any CPU
		{C6604026-9B79-43F7-A028-0D57757E0AC9}.Debug|Any CPU.ActiveCfg = Debug|Any CPU
		{C6604026-9B79-43F7-A028-0D57757E0AC9}.Debug|Any CPU.Build.0 = Debug|Any CPU
		{C6604026-9B79-43F7-A028-0D57757E0AC9}.Release|Any CPU.ActiveCfg = Release|Any CPU
		{C6604026-9B79-43F7-A028-0D57757E0AC9}.Release|Any CPU.Build.0 = Release|Any CPU
	EndGlobalSection
EndGlobal
